
Microsoft Visual Studio Solution File, Format Version 12.00
# Visual Studio Version 16
VisualStudioVersion = 16.0.29001.49
MinimumVisualStudioVersion = 10.0.40219.1
Project("{FAE04EC0-301F-11D3-BF4B-00C04F79EFBC}") = "HelloWorld", "HelloWorld\HelloWorld.csproj", "{F681E847-07DD-4A41-9C97-E384975DC7CF}"
EndProject
Global
	GlobalSection(SolutionConfigurationPlatforms) = preSolution
		Debug|Any CPU = Debug|Any CPU
		Release|Any CPU = Release|Any CPU
	EndGlobalSection
	GlobalSection(ProjectConfigurationPlatforms) = postSolution
		{F681E847-07DD-4A41-9C97-E384975DC7CF}.Debug|Any CPU.ActiveCfg = Debug|Any CPU
		{F681E847-07DD-4A41-9C97-E384975DC7CF}.Debug|Any CPU.Build.0 = Debug|Any CPU
		{F681E847-07DD-4A41-9C97-E384975DC7CF}.Release|Any CPU.ActiveCfg = Release|Any CPU
		{F681E847-07DD-4A41-9C97-E384975DC7CF}.Release|Any CPU.Build.0 = Release|Any CPU
	EndGlobalSection
	GlobalSection(SolutionProperties) = preSolution
		HideSolutionNode = FALSE
	EndGlobalSection
	GlobalSection(ExtensibilityGlobals) = postSolution
		SolutionGuid = {1FD71199-BFCE-453B-9D02-6FBC8A391EEF}
	EndGlobalSection
EndGlobal
