
Microsoft Visual Studio Solution File, Format Version 12.00
# Visual Studio Version 16
VisualStudioVersion = 16.0.29001.49
MinimumVisualStudioVersion = 10.0.40219.1
Project("{FAE04EC0-301F-11D3-BF4B-00C04F79EFBC}") = "Delegates", "Delegates\Delegates.csproj", "{E20D95F6-6580-4342-A529-52BB06462008}"
EndProject
Global
	GlobalSection(SolutionConfigurationPlatforms) = preSolution
		Debug|Any CPU = Debug|Any CPU
		Release|Any CPU = Release|Any CPU
	EndGlobalSection
	GlobalSection(ProjectConfigurationPlatforms) = postSolution
		{E20D95F6-6580-4342-A529-52BB06462008}.Debug|Any CPU.ActiveCfg = Debug|Any CPU
		{E20D95F6-6580-4342-A529-52BB06462008}.Debug|Any CPU.Build.0 = Debug|Any CPU
		{E20D95F6-6580-4342-A529-52BB06462008}.Release|Any CPU.ActiveCfg = Release|Any CPU
		{E20D95F6-6580-4342-A529-52BB06462008}.Release|Any CPU.Build.0 = Release|Any CPU
	EndGlobalSection
	GlobalSection(SolutionProperties) = preSolution
		HideSolutionNode = FALSE
	EndGlobalSection
	GlobalSection(ExtensibilityGlobals) = postSolution
		SolutionGuid = {FAE275E9-B1AE-4467-AA9B-A741A9E5B0EC}
	EndGlobalSection
EndGlobal
